
Microsoft Visual Studio Solution File, Format Version 12.00
# Visual Studio for Mac
Project("{FAE04EC0-301F-11D3-BF4B-00C04F79EFBC}") = "Assembly-CSharp", "Assembly-CSharp.csproj", "{B2E2567C-4061-2128-4252-1A88D8C47844}"
EndProject
Project("{FAE04EC0-301F-11D3-BF4B-00C04F79EFBC}") = "Assembly-CSharp-Editor", "Assembly-CSharp-Editor.csproj", "{2F4637D4-EE10-AAE0-42C1-3174AEBD95D5}"
EndProject
Global
	GlobalSection(SolutionConfigurationPlatforms) = preSolution
		Debug|Any CPU = Debug|Any CPU
		Release|Any CPU = Release|Any CPU
	EndGlobalSection
	GlobalSection(ProjectConfigurationPlatforms) = postSolution
		{B2E2567C-4061-2128-4252-1A88D8C47844}.Debug|Any CPU.ActiveCfg = Debug|Any CPU
		{B2E2567C-4061-2128-4252-1A88D8C47844}.Debug|Any CPU.Build.0 = Debug|Any CPU
		{B2E2567C-4061-2128-4252-1A88D8C47844}.Release|Any CPU.ActiveCfg = Release|Any CPU
		{B2E2567C-4061-2128-4252-1A88D8C47844}.Release|Any CPU.Build.0 = Release|Any CPU
		{2F4637D4-EE10-AAE0-42C1-3174AEBD95D5}.Debug|Any CPU.ActiveCfg = Debug|Any CPU
		{2F4637D4-EE10-AAE0-42C1-3174AEBD95D5}.Debug|Any CPU.Build.0 = Debug|Any CPU
		{2F4637D4-EE10-AAE0-42C1-3174AEBD95D5}.Release|Any CPU.ActiveCfg = Release|Any CPU
		{2F4637D4-EE10-AAE0-42C1-3174AEBD95D5}.Release|Any CPU.Build.0 = Release|Any CPU
	EndGlobalSection
	GlobalSection(SolutionProperties) = preSolution
		HideSolutionNode = FALSE
	EndGlobalSection
EndGlobal
